
Microsoft Visual Studio Solution File, Format Version 12.00
# Visual Studio Version 16
VisualStudioVersion = 16.0.32228.343
MinimumVisualStudioVersion = 10.0.40219.1
Project("{9A19103F-16F7-4668-BE54-9A1E7A4F7556}") = "CPSC_471_Library.Server", "CPSC_471_Library\Server\CPSC_471_Library.Server.csproj", "{27C10CDA-FC45-4760-BE18-B3DEE8C80C7B}"
EndProject
Project("{9A19103F-16F7-4668-BE54-9A1E7A4F7556}") = "CPSC_471_Library.Client", "CPSC_471_Library\Client\CPSC_471_Library.Client.csproj", "{38DC1A26-6142-497F-9077-39A79CBB1CBB}"
EndProject
Project("{9A19103F-16F7-4668-BE54-9A1E7A4F7556}") = "CPSC_471_Library.Shared", "CPSC_471_Library\Shared\CPSC_471_Library.Shared.csproj", "{7EF8F55E-FC2C-4EB8-B271-307064798FBE}"
EndProject
Global
	GlobalSection(SolutionConfigurationPlatforms) = preSolution
		Debug|Any CPU = Debug|Any CPU
		Release|Any CPU = Release|Any CPU
	EndGlobalSection
	GlobalSection(ProjectConfigurationPlatforms) = postSolution
		{27C10CDA-FC45-4760-BE18-B3DEE8C80C7B}.Debug|Any CPU.ActiveCfg = Debug|Any CPU
		{27C10CDA-FC45-4760-BE18-B3DEE8C80C7B}.Debug|Any CPU.Build.0 = Debug|Any CPU
		{27C10CDA-FC45-4760-BE18-B3DEE8C80C7B}.Release|Any CPU.ActiveCfg = Release|Any CPU
		{27C10CDA-FC45-4760-BE18-B3DEE8C80C7B}.Release|Any CPU.Build.0 = Release|Any CPU
		{38DC1A26-6142-497F-9077-39A79CBB1CBB}.Debug|Any CPU.ActiveCfg = Debug|Any CPU
		{38DC1A26-6142-497F-9077-39A79CBB1CBB}.Debug|Any CPU.Build.0 = Debug|Any CPU
		{38DC1A26-6142-497F-9077-39A79CBB1CBB}.Release|Any CPU.ActiveCfg = Release|Any CPU
		{38DC1A26-6142-497F-9077-39A79CBB1CBB}.Release|Any CPU.Build.0 = Release|Any CPU
		{7EF8F55E-FC2C-4EB8-B271-307064798FBE}.Debug|Any CPU.ActiveCfg = Debug|Any CPU
		{7EF8F55E-FC2C-4EB8-B271-307064798FBE}.Debug|Any CPU.Build.0 = Debug|Any CPU
		{7EF8F55E-FC2C-4EB8-B271-307064798FBE}.Release|Any CPU.ActiveCfg = Release|Any CPU
		{7EF8F55E-FC2C-4EB8-B271-307064798FBE}.Release|Any CPU.Build.0 = Release|Any CPU
	EndGlobalSection
	GlobalSection(SolutionProperties) = preSolution
		HideSolutionNode = FALSE
	EndGlobalSection
	GlobalSection(ExtensibilityGlobals) = postSolution
		SolutionGuid = {48877F3F-38EA-45DB-97BC-294B5AECCB86}
	EndGlobalSection
EndGlobal
